{
  "name": "test",
  "version": "1.0.0",
  "lockfileVersion": 2,
  "requires": true,
  "packages": {
    "": {
      "name": "test",
      "version": "1.0.0",
      "license": "ISC",
      "dependencies": {
        "lodash": "^4.17.21",
        "webpack-numbers-dep": "^1.0.0"
      }
    },
    "node_modules/lodash": {
      "version": "4.17.21",
      "resolved": "https://registry.npmmirror.com/lodash/-/lodash-4.17.21.tgz",
      "integrity": "sha512-v2kDEe57lecTulaDIuNTPy3Ry4gLGJ6Z1O3vE1krgXZNrsQ+LFTGHVxVjcXPs17LhbZVGedAJv8XZ1tvj5FvSg=="
    },
    "node_modules/webpack-numbers-dep": {
      "version": "1.0.0",
      "resolved": "https://registry.npmmirror.com/webpack-numbers-dep/-/webpack-numbers-dep-1.0.0.tgz",
      "integrity": "sha512-2hFdUmdcvVGVvV2vIZiqrZ7AOfPexy3pVcX6Jes4beKpRVjVw83eQpky6YswpppVPaDA8nlsMPtQZUsY8Hcyjw=="
    }
  },
  "dependencies": {
    "lodash": {
      "version": "4.17.21",
      "resolved": "https://registry.npmmirror.com/lodash/-/lodash-4.17.21.tgz",
      "integrity": "sha512-v2kDEe57lecTulaDIuNTPy3Ry4gLGJ6Z1O3vE1krgXZNrsQ+LFTGHVxVjcXPs17LhbZVGedAJv8XZ1tvj5FvSg=="
    },
    "webpack-numbers-dep": {
      "version": "1.0.0",
      "resolved": "https://registry.npmmirror.com/webpack-numbers-dep/-/webpack-numbers-dep-1.0.0.tgz",
      "integrity": "sha512-2hFdUmdcvVGVvV2vIZiqrZ7AOfPexy3pVcX6Jes4beKpRVjVw83eQpky6YswpppVPaDA8nlsMPtQZUsY8Hcyjw=="
    }
  }
}
